
Microsoft Visual Studio Solution File, Format Version 12.00
# Visual Studio Version 17
VisualStudioVersion = 17.9.34701.34
MinimumVisualStudioVersion = 10.0.40219.1
Project("{FAE04EC0-301F-11D3-BF4B-00C04F79EFBC}") = "Assignment.API", "Assignment.API\Assignment.API.csproj", "{7B736864-E229-4DD7-A724-732952F9C2E8}"
EndProject
Project("{FAE04EC0-301F-11D3-BF4B-00C04F79EFBC}") = "Assignment.DataAccess", "Assignment.DataAccess\Assignment.DataAccess.csproj", "{C3F4A7CF-6EC5-44D1-8F45-EC7E7AE849A1}"
EndProject
Project("{FAE04EC0-301F-11D3-BF4B-00C04F79EFBC}") = "Assignment.Common", "Assignment.Common\Assignment.Common.csproj", "{D731F993-7844-4F83-9E0C-C46D596EDBE5}"
EndProject
Project("{FAE04EC0-301F-11D3-BF4B-00C04F79EFBC}") = "Assignment.Model", "Assignment.Model\Assignment.Model.csproj", "{FA5035BB-C30A-4D01-9592-934AB4AA9240}"
EndProject
Project("{FAE04EC0-301F-11D3-BF4B-00C04F79EFBC}") = "Assignment.WebApp", "Assignment.WebApp\Assignment.WebApp.csproj", "{16A6DE6C-0B57-4060-9B76-BD444F033D8A}"
EndProject
Global
	GlobalSection(SolutionConfigurationPlatforms) = preSolution
		Debug|Any CPU = Debug|Any CPU
		Release|Any CPU = Release|Any CPU
	EndGlobalSection
	GlobalSection(ProjectConfigurationPlatforms) = postSolution
		{7B736864-E229-4DD7-A724-732952F9C2E8}.Debug|Any CPU.ActiveCfg = Debug|Any CPU
		{7B736864-E229-4DD7-A724-732952F9C2E8}.Debug|Any CPU.Build.0 = Debug|Any CPU
		{7B736864-E229-4DD7-A724-732952F9C2E8}.Release|Any CPU.ActiveCfg = Release|Any CPU
		{7B736864-E229-4DD7-A724-732952F9C2E8}.Release|Any CPU.Build.0 = Release|Any CPU
		{C3F4A7CF-6EC5-44D1-8F45-EC7E7AE849A1}.Debug|Any CPU.ActiveCfg = Debug|Any CPU
		{C3F4A7CF-6EC5-44D1-8F45-EC7E7AE849A1}.Debug|Any CPU.Build.0 = Debug|Any CPU
		{C3F4A7CF-6EC5-44D1-8F45-EC7E7AE849A1}.Release|Any CPU.ActiveCfg = Release|Any CPU
		{C3F4A7CF-6EC5-44D1-8F45-EC7E7AE849A1}.Release|Any CPU.Build.0 = Release|Any CPU
		{D731F993-7844-4F83-9E0C-C46D596EDBE5}.Debug|Any CPU.ActiveCfg = Debug|Any CPU
		{D731F993-7844-4F83-9E0C-C46D596EDBE5}.Debug|Any CPU.Build.0 = Debug|Any CPU
		{D731F993-7844-4F83-9E0C-C46D596EDBE5}.Release|Any CPU.ActiveCfg = Release|Any CPU
		{D731F993-7844-4F83-9E0C-C46D596EDBE5}.Release|Any CPU.Build.0 = Release|Any CPU
		{FA5035BB-C30A-4D01-9592-934AB4AA9240}.Debug|Any CPU.ActiveCfg = Debug|Any CPU
		{FA5035BB-C30A-4D01-9592-934AB4AA9240}.Debug|Any CPU.Build.0 = Debug|Any CPU
		{FA5035BB-C30A-4D01-9592-934AB4AA9240}.Release|Any CPU.ActiveCfg = Release|Any CPU
		{FA5035BB-C30A-4D01-9592-934AB4AA9240}.Release|Any CPU.Build.0 = Release|Any CPU
		{16A6DE6C-0B57-4060-9B76-BD444F033D8A}.Debug|Any CPU.ActiveCfg = Debug|Any CPU
		{16A6DE6C-0B57-4060-9B76-BD444F033D8A}.Debug|Any CPU.Build.0 = Debug|Any CPU
		{16A6DE6C-0B57-4060-9B76-BD444F033D8A}.Release|Any CPU.ActiveCfg = Release|Any CPU
		{16A6DE6C-0B57-4060-9B76-BD444F033D8A}.Release|Any CPU.Build.0 = Release|Any CPU
	EndGlobalSection
	GlobalSection(SolutionProperties) = preSolution
		HideSolutionNode = FALSE
	EndGlobalSection
	GlobalSection(ExtensibilityGlobals) = postSolution
		SolutionGuid = {974EB153-99E4-480D-898C-4443A4CDD238}
	EndGlobalSection
EndGlobal
