
Microsoft Visual Studio Solution File, Format Version 12.00
# Visual Studio Version 17
VisualStudioVersion = 17.9.34701.34
MinimumVisualStudioVersion = 10.0.40219.1
Project("{FAE04EC0-301F-11D3-BF4B-00C04F79EFBC}") = "Assignment.API", "Assignment.API\Assignment.API.csproj", "{7B736864-E229-4DD7-A724-732952F9C2E8}"
EndProject
Global
	GlobalSection(SolutionConfigurationPlatforms) = preSolution
		Debug|Any CPU = Debug|Any CPU
		Release|Any CPU = Release|Any CPU
	EndGlobalSection
	GlobalSection(ProjectConfigurationPlatforms) = postSolution
		{7B736864-E229-4DD7-A724-732952F9C2E8}.Debug|Any CPU.ActiveCfg = Debug|Any CPU
		{7B736864-E229-4DD7-A724-732952F9C2E8}.Debug|Any CPU.Build.0 = Debug|Any CPU
		{7B736864-E229-4DD7-A724-732952F9C2E8}.Release|Any CPU.ActiveCfg = Release|Any CPU
		{7B736864-E229-4DD7-A724-732952F9C2E8}.Release|Any CPU.Build.0 = Release|Any CPU
	EndGlobalSection
	GlobalSection(SolutionProperties) = preSolution
		HideSolutionNode = FALSE
	EndGlobalSection
	GlobalSection(ExtensibilityGlobals) = postSolution
		SolutionGuid = {974EB153-99E4-480D-898C-4443A4CDD238}
	EndGlobalSection
EndGlobal
